# This file is automatically @generated by Cargo.
# It is not intended for manual editing.
version = 4

[[package]]
name = "pdf-rs-baseline"
version = "0.1.0"
dependencies = [
 "pdf-rs-compare",
 "pdf-rs-digest",
 "pdf-rs-generate",
]

[[package]]
name = "pdf-rs-benchmark"
version = "0.1.0"
dependencies = [
 "pdf-rs-corpus",
 "pdf-rs-digest",
]

[[package]]
name = "pdf-rs-bytes"
version = "0.1.0"

[[package]]
name = "pdf-rs-compare"
version = "0.1.0"

[[package]]
name = "pdf-rs-corpus"
version = "0.1.0"
dependencies = [
 "pdf-rs-digest",
 "pdf-rs-generate",
]

[[package]]
name = "pdf-rs-digest"
version = "0.1.0"

[[package]]
name = "pdf-rs-generate"
version = "0.1.0"
dependencies = [
 "pdf-rs-digest",
]

[[package]]
name = "pdf-rs-quality"
version = "0.1.0"
dependencies = [
 "pdf-rs-benchmark",
 "pdf-rs-compare",
 "pdf-rs-corpus",
 "pdf-rs-digest",
 "pdf-rs-generate",
]

[[package]]
name = "pdf-rs-syntax"
version = "0.1.0"
dependencies = [
 "pdf-rs-bytes",
]

[[package]]
name = "pdf-rs-xref"
version = "0.1.0"
dependencies = [
 "pdf-rs-bytes",
 "pdf-rs-syntax",
]
